
Microsoft Visual Studio Solution File, Format Version 12.00
# Visual Studio Version 16
VisualStudioVersion = 16.0.30503.244
MinimumVisualStudioVersion = 10.0.40219.1
Project("{FAE04EC0-301F-11D3-BF4B-00C04F79EFBC}") = "Library.Api", "Library.Api\Library.Api.csproj", "{09ED487A-146C-46F9-B1A5-C2053177FCBD}"
EndProject
Global
	GlobalSection(SolutionConfigurationPlatforms) = preSolution
		Debug|Any CPU = Debug|Any CPU
		Release|Any CPU = Release|Any CPU
	EndGlobalSection
	GlobalSection(ProjectConfigurationPlatforms) = postSolution
		{09ED487A-146C-46F9-B1A5-C2053177FCBD}.Debug|Any CPU.ActiveCfg = Debug|Any CPU
		{09ED487A-146C-46F9-B1A5-C2053177FCBD}.Debug|Any CPU.Build.0 = Debug|Any CPU
		{09ED487A-146C-46F9-B1A5-C2053177FCBD}.Release|Any CPU.ActiveCfg = Release|Any CPU
		{09ED487A-146C-46F9-B1A5-C2053177FCBD}.Release|Any CPU.Build.0 = Release|Any CPU
	EndGlobalSection
	GlobalSection(SolutionProperties) = preSolution
		HideSolutionNode = FALSE
	EndGlobalSection
	GlobalSection(ExtensibilityGlobals) = postSolution
		SolutionGuid = {719AF9CB-41F2-4305-9A54-BC43B9A9BDD3}
	EndGlobalSection
EndGlobal
